
Microsoft Visual Studio Solution File, Format Version 12.00
# Visual Studio Version 17
VisualStudioVersion = 17.3.32819.101
MinimumVisualStudioVersion = 10.0.40219.1
Project("{FAE04EC0-301F-11D3-BF4B-00C04F79EFBC}") = "WebApplication7", "WebApplication7\WebApplication7.csproj", "{69618767-60C3-4A78-BF24-ADB9B022E1C9}"
EndProject
Global
	GlobalSection(SolutionConfigurationPlatforms) = preSolution
		Debug|Any CPU = Debug|Any CPU
		Release|Any CPU = Release|Any CPU
	EndGlobalSection
	GlobalSection(ProjectConfigurationPlatforms) = postSolution
		{69618767-60C3-4A78-BF24-ADB9B022E1C9}.Debug|Any CPU.ActiveCfg = Debug|Any CPU
		{69618767-60C3-4A78-BF24-ADB9B022E1C9}.Debug|Any CPU.Build.0 = Debug|Any CPU
		{69618767-60C3-4A78-BF24-ADB9B022E1C9}.Release|Any CPU.ActiveCfg = Release|Any CPU
		{69618767-60C3-4A78-BF24-ADB9B022E1C9}.Release|Any CPU.Build.0 = Release|Any CPU
	EndGlobalSection
	GlobalSection(SolutionProperties) = preSolution
		HideSolutionNode = FALSE
	EndGlobalSection
	GlobalSection(ExtensibilityGlobals) = postSolution
		SolutionGuid = {33DA349E-29B8-40F2-9E25-0E6F0812B177}
	EndGlobalSection
EndGlobal
